
Microsoft Visual Studio Solution File, Format Version 11.00
# Visual Studio 2010
Project("{FAE04EC0-301F-11D3-BF4B-00C04F79EFBC}") = "Simplify.Sample", "Simplify.Sample\Simplify.Sample.csproj", "{1FD92D08-AB21-4392-8FEE-73EC90D4E388}"
EndProject
Project("{FAE04EC0-301F-11D3-BF4B-00C04F79EFBC}") = "Simplify", "Simplify\Simplify.csproj", "{439CC4EB-C191-4D5D-A60D-EBE00041AF4E}"
EndProject
Global
	GlobalSection(SolutionConfigurationPlatforms) = preSolution
		Debug|Any CPU = Debug|Any CPU
		Release|Any CPU = Release|Any CPU
	EndGlobalSection
	GlobalSection(ProjectConfigurationPlatforms) = postSolution
		{1FD92D08-AB21-4392-8FEE-73EC90D4E388}.Debug|Any CPU.ActiveCfg = Debug|Any CPU
		{1FD92D08-AB21-4392-8FEE-73EC90D4E388}.Debug|Any CPU.Build.0 = Debug|Any CPU
		{1FD92D08-AB21-4392-8FEE-73EC90D4E388}.Release|Any CPU.ActiveCfg = Release|Any CPU
		{1FD92D08-AB21-4392-8FEE-73EC90D4E388}.Release|Any CPU.Build.0 = Release|Any CPU
		{439CC4EB-C191-4D5D-A60D-EBE00041AF4E}.Debug|Any CPU.ActiveCfg = Debug|Any CPU
		{439CC4EB-C191-4D5D-A60D-EBE00041AF4E}.Debug|Any CPU.Build.0 = Debug|Any CPU
		{439CC4EB-C191-4D5D-A60D-EBE00041AF4E}.Release|Any CPU.ActiveCfg = Release|Any CPU
		{439CC4EB-C191-4D5D-A60D-EBE00041AF4E}.Release|Any CPU.Build.0 = Release|Any CPU
	EndGlobalSection
	GlobalSection(SolutionProperties) = preSolution
		HideSolutionNode = FALSE
	EndGlobalSection
EndGlobal
